# This file is generated by running "yarn install" inside your project.
# Manual changes might be lost - proceed with caution!

__metadata:
  version: 8
  cacheKey: 10

"@apify/docker-repository@workspace:.":
  version: 0.0.0-use.local
  resolution: "@apify/docker-repository@workspace:."
  dependencies:
    "@biomejs/biome": "npm:^2.0.0"
    turbo: "npm:^2.5.4"
  languageName: unknown
  linkType: soft

"@biomejs/biome@npm:^2.0.0":
  version: 2.0.0
  resolution: "@biomejs/biome@npm:2.0.0"
  dependencies:
    "@biomejs/cli-darwin-arm64": "npm:2.0.0"
    "@biomejs/cli-darwin-x64": "npm:2.0.0"
    "@biomejs/cli-linux-arm64": "npm:2.0.0"
    "@biomejs/cli-linux-arm64-musl": "npm:2.0.0"
    "@biomejs/cli-linux-x64": "npm:2.0.0"
    "@biomejs/cli-linux-x64-musl": "npm:2.0.0"
    "@biomejs/cli-win32-arm64": "npm:2.0.0"
    "@biomejs/cli-win32-x64": "npm:2.0.0"
  dependenciesMeta:
    "@biomejs/cli-darwin-arm64":
      optional: true
    "@biomejs/cli-darwin-x64":
      optional: true
    "@biomejs/cli-linux-arm64":
      optional: true
    "@biomejs/cli-linux-arm64-musl":
      optional: true
    "@biomejs/cli-linux-x64":
      optional: true
    "@biomejs/cli-linux-x64-musl":
      optional: true
    "@biomejs/cli-win32-arm64":
      optional: true
    "@biomejs/cli-win32-x64":
      optional: true
  bin:
    biome: bin/biome
  checksum: 10/d4df2e3a0d3ff9db4eca3b4f5458b9de2b180f3f56cdb874e57f0c933f72f68398803d563016dd23882cbae5090f50cae6538d9ec3609fe931db793d19cdc985
  languageName: node
  linkType: hard

"@biomejs/cli-darwin-arm64@npm:2.0.0":
  version: 2.0.0
  resolution: "@biomejs/cli-darwin-arm64@npm:2.0.0"
  conditions: os=darwin & cpu=arm64
  languageName: node
  linkType: hard

"@biomejs/cli-darwin-x64@npm:2.0.0":
  version: 2.0.0
  resolution: "@biomejs/cli-darwin-x64@npm:2.0.0"
  conditions: os=darwin & cpu=x64
  languageName: node
  linkType: hard

"@biomejs/cli-linux-arm64-musl@npm:2.0.0":
  version: 2.0.0
  resolution: "@biomejs/cli-linux-arm64-musl@npm:2.0.0"
  conditions: os=linux & cpu=arm64 & libc=musl
  languageName: node
  linkType: hard

"@biomejs/cli-linux-arm64@npm:2.0.0":
  version: 2.0.0
  resolution: "@biomejs/cli-linux-arm64@npm:2.0.0"
  conditions: os=linux & cpu=arm64 & libc=glibc
  languageName: node
  linkType: hard

"@biomejs/cli-linux-x64-musl@npm:2.0.0":
  version: 2.0.0
  resolution: "@biomejs/cli-linux-x64-musl@npm:2.0.0"
  conditions: os=linux & cpu=x64 & libc=musl
  languageName: node
  linkType: hard

"@biomejs/cli-linux-x64@npm:2.0.0":
  version: 2.0.0
  resolution: "@biomejs/cli-linux-x64@npm:2.0.0"
  conditions: os=linux & cpu=x64 & libc=glibc
  languageName: node
  linkType: hard

"@biomejs/cli-win32-arm64@npm:2.0.0":
  version: 2.0.0
  resolution: "@biomejs/cli-win32-arm64@npm:2.0.0"
  conditions: os=win32 & cpu=arm64
  languageName: node
  linkType: hard

"@biomejs/cli-win32-x64@npm:2.0.0":
  version: 2.0.0
  resolution: "@biomejs/cli-win32-x64@npm:2.0.0"
  conditions: os=win32 & cpu=x64
  languageName: node
  linkType: hard

"@types/node@npm:^22.15.32":
  version: 22.15.32
  resolution: "@types/node@npm:22.15.32"
  dependencies:
    undici-types: "npm:~6.21.0"
  checksum: 10/10b4c106d0c512a1d35ec08142bd7fb5cf2e1df93fc5627b3c69dd843dec4be07a47f1fa7ede232ad84762d75a372ea35028b79ee1e753b6f2adecd0b2cb2f71
  languageName: node
  linkType: hard

"@types/semver@npm:^7.7.0":
  version: 7.7.0
  resolution: "@types/semver@npm:7.7.0"
  checksum: 10/ee4514c6c852b1c38f951239db02f9edeea39f5310fad9396a00b51efa2a2d96b3dfca1ae84c88181ea5b7157c57d32d7ef94edacee36fbf975546396b85ba5b
  languageName: node
  linkType: hard

"cache-builder@workspace:.github/actions/cache-builder":
  version: 0.0.0-use.local
  resolution: "cache-builder@workspace:.github/actions/cache-builder"
  dependencies:
    "@types/node": "npm:^22.15.32"
    "@types/semver": "npm:^7.7.0"
    nano-spawn: "npm:^1.0.2"
    semver: "npm:^7.7.2"
    typescript: "npm:^5.8.3"
  languageName: unknown
  linkType: soft

"nano-spawn@npm:^1.0.2":
  version: 1.0.2
  resolution: "nano-spawn@npm:1.0.2"
  checksum: 10/6ce9e60846d2e37c0e3cd048472683c81dbcaadef9ebe73bfc8754ee7da2a574f724436d3dcdeda5d807aedc857cc8cbc278a9882529164b5ef4b170b95cfe0b
  languageName: node
  linkType: hard

"semver@npm:^7.7.2":
  version: 7.7.2
  resolution: "semver@npm:7.7.2"
  bin:
    semver: bin/semver.js
  checksum: 10/7a24cffcaa13f53c09ce55e05efe25cd41328730b2308678624f8b9f5fc3093fc4d189f47950f0b811ff8f3c3039c24a2c36717ba7961615c682045bf03e1dda
  languageName: node
  linkType: hard

"turbo-darwin-64@npm:2.5.4":
  version: 2.5.4
  resolution: "turbo-darwin-64@npm:2.5.4"
  conditions: os=darwin & cpu=x64
  languageName: node
  linkType: hard

"turbo-darwin-arm64@npm:2.5.4":
  version: 2.5.4
  resolution: "turbo-darwin-arm64@npm:2.5.4"
  conditions: os=darwin & cpu=arm64
  languageName: node
  linkType: hard

"turbo-linux-64@npm:2.5.4":
  version: 2.5.4
  resolution: "turbo-linux-64@npm:2.5.4"
  conditions: os=linux & cpu=x64
  languageName: node
  linkType: hard

"turbo-linux-arm64@npm:2.5.4":
  version: 2.5.4
  resolution: "turbo-linux-arm64@npm:2.5.4"
  conditions: os=linux & cpu=arm64
  languageName: node
  linkType: hard

"turbo-windows-64@npm:2.5.4":
  version: 2.5.4
  resolution: "turbo-windows-64@npm:2.5.4"
  conditions: os=win32 & cpu=x64
  languageName: node
  linkType: hard

"turbo-windows-arm64@npm:2.5.4":
  version: 2.5.4
  resolution: "turbo-windows-arm64@npm:2.5.4"
  conditions: os=win32 & cpu=arm64
  languageName: node
  linkType: hard

"turbo@npm:^2.5.4":
  version: 2.5.4
  resolution: "turbo@npm:2.5.4"
  dependencies:
    turbo-darwin-64: "npm:2.5.4"
    turbo-darwin-arm64: "npm:2.5.4"
    turbo-linux-64: "npm:2.5.4"
    turbo-linux-arm64: "npm:2.5.4"
    turbo-windows-64: "npm:2.5.4"
    turbo-windows-arm64: "npm:2.5.4"
  dependenciesMeta:
    turbo-darwin-64:
      optional: true
    turbo-darwin-arm64:
      optional: true
    turbo-linux-64:
      optional: true
    turbo-linux-arm64:
      optional: true
    turbo-windows-64:
      optional: true
    turbo-windows-arm64:
      optional: true
  bin:
    turbo: bin/turbo
  checksum: 10/43dd952192a1261de3845ecac96d4f42ea6d8e49eaa4c339c029dbe010a1323957ef4b0080f8f06e3cd0169c1f00c356d32cbabde1ee08c72b0708f90994a774
  languageName: node
  linkType: hard

"typescript@npm:^5.8.3":
  version: 5.8.3
  resolution: "typescript@npm:5.8.3"
  bin:
    tsc: bin/tsc
    tsserver: bin/tsserver
  checksum: 10/65c40944c51b513b0172c6710ee62e951b70af6f75d5a5da745cb7fab132c09ae27ffdf7838996e3ed603bb015dadd099006658046941bd0ba30340cc563ae92
  languageName: node
  linkType: hard

"typescript@patch:typescript@npm%3A^5.8.3#optional!builtin<compat/typescript>":
  version: 5.8.3
  resolution: "typescript@patch:typescript@npm%3A5.8.3#optional!builtin<compat/typescript>::version=5.8.3&hash=5786d5"
  bin:
    tsc: bin/tsc
    tsserver: bin/tsserver
  checksum: 10/b9b1e73dabac5dc730c041325dbd9c99467c1b0d239f1b74ec3b90d831384af3e2ba973946232df670519147eb51a2c20f6f96163cea2b359f03de1e2091cc4f
  languageName: node
  linkType: hard

"undici-types@npm:~6.21.0":
  version: 6.21.0
  resolution: "undici-types@npm:6.21.0"
  checksum: 10/ec8f41aa4359d50f9b59fa61fe3efce3477cc681908c8f84354d8567bb3701fafdddf36ef6bff307024d3feb42c837cf6f670314ba37fc8145e219560e473d14
  languageName: node
  linkType: hard

"version-matrix@workspace:.github/actions/version-matrix":
  version: 0.0.0-use.local
  resolution: "version-matrix@workspace:.github/actions/version-matrix"
  dependencies:
    "@types/node": "npm:^22.15.32"
    "@types/semver": "npm:^7.7.0"
    semver: "npm:^7.7.2"
    typescript: "npm:^5.8.3"
  languageName: unknown
  linkType: soft
