# This file is generated by running "yarn install" inside your project.
# Manual changes might be lost - proceed with caution!

__metadata:
  version: 8
  cacheKey: 10

"@actions/core@npm:^3.0.0":
  version: 3.0.0
  resolution: "@actions/core@npm:3.0.0"
  dependencies:
    "@actions/exec": "npm:^3.0.0"
    "@actions/http-client": "npm:^4.0.0"
  checksum: 10/fddeebfaf6dfd199d9267a33a97d57e2f7afed7605a54e4a3c35a5a1455a5a8f29f1837bf6ac1711b223a457ba15339189f344c57629c52dbf3a216e96c728d6
  languageName: node
  linkType: hard

"@actions/exec@npm:^3.0.0":
  version: 3.0.0
  resolution: "@actions/exec@npm:3.0.0"
  dependencies:
    "@actions/io": "npm:^3.0.2"
  checksum: 10/c1904163e326cbe27f887514b4837e357d46e7a6c5eeda66c0e2efffd2772cb34d8ef0a2a48c65eb0e3b6ec72beb9b049eaba343c9f55978d3f45b09d09d2c54
  languageName: node
  linkType: hard

"@actions/github@npm:^9.0.0":
  version: 9.0.0
  resolution: "@actions/github@npm:9.0.0"
  dependencies:
    "@actions/http-client": "npm:^3.0.2"
    "@octokit/core": "npm:^7.0.6"
    "@octokit/plugin-paginate-rest": "npm:^14.0.0"
    "@octokit/plugin-rest-endpoint-methods": "npm:^17.0.0"
    "@octokit/request": "npm:^10.0.7"
    "@octokit/request-error": "npm:^7.1.0"
    undici: "npm:^6.23.0"
  checksum: 10/5d3b2790f7b67cb7b0ec4416e8b666fde69621bac5fff5e59737c8233f8ad09829471b5cab2c50faea60da39554c69d5e7e51e5ffc8e2c899fba32f47db15b9b
  languageName: node
  linkType: hard

"@actions/http-client@npm:^3.0.2":
  version: 3.0.2
  resolution: "@actions/http-client@npm:3.0.2"
  dependencies:
    tunnel: "npm:^0.0.6"
    undici: "npm:^6.23.0"
  checksum: 10/36431245545cd54e2e2b25b333732801a904170a426cdcb6611423b9da70daeba2742d7258e7fb5a370e216082d3a416d04f47ea810d5e9d6cda8e6928466079
  languageName: node
  linkType: hard

"@actions/http-client@npm:^4.0.0":
  version: 4.0.0
  resolution: "@actions/http-client@npm:4.0.0"
  dependencies:
    tunnel: "npm:^0.0.6"
    undici: "npm:^6.23.0"
  checksum: 10/05f606174577cae62f563361326cc81ee4c83c468dd75e87ac93f59e8d53369a6479c3fc28a4e8ea1bfbb50c8ed7db941629b5dd9f6e3855fe5f639a2ccdabc5
  languageName: node
  linkType: hard

"@actions/io@npm:^3.0.2":
  version: 3.0.2
  resolution: "@actions/io@npm:3.0.2"
  checksum: 10/ef17cb4ec0a2b640d5f4851446ad1c12bf4b2b1cf83741c5eecee4e8f50b3ca3ac9ae4084027dcaa1bf0c016d653dbc0e5fe20daedd39ee5fb6edb671f6e45b5
  languageName: node
  linkType: hard

"@biomejs/biome@npm:^2.0.0":
  version: 2.4.4
  resolution: "@biomejs/biome@npm:2.4.4"
  dependencies:
    "@biomejs/cli-darwin-arm64": "npm:2.4.4"
    "@biomejs/cli-darwin-x64": "npm:2.4.4"
    "@biomejs/cli-linux-arm64": "npm:2.4.4"
    "@biomejs/cli-linux-arm64-musl": "npm:2.4.4"
    "@biomejs/cli-linux-x64": "npm:2.4.4"
    "@biomejs/cli-linux-x64-musl": "npm:2.4.4"
    "@biomejs/cli-win32-arm64": "npm:2.4.4"
    "@biomejs/cli-win32-x64": "npm:2.4.4"
  dependenciesMeta:
    "@biomejs/cli-darwin-arm64":
      optional: true
    "@biomejs/cli-darwin-x64":
      optional: true
    "@biomejs/cli-linux-arm64":
      optional: true
    "@biomejs/cli-linux-arm64-musl":
      optional: true
    "@biomejs/cli-linux-x64":
      optional: true
    "@biomejs/cli-linux-x64-musl":
      optional: true
    "@biomejs/cli-win32-arm64":
      optional: true
    "@biomejs/cli-win32-x64":
      optional: true
  bin:
    biome: bin/biome
  checksum: 10/caafef4170f2dbba61cb156c6c2bce60123234bcb7c239d6621bbea3b14eeaee060206fca75954fa20791d14f6d20f6b8b3e0896dac57dbaa0f2db72328c26fe
  languageName: node
  linkType: hard

"@biomejs/cli-darwin-arm64@npm:2.4.4":
  version: 2.4.4
  resolution: "@biomejs/cli-darwin-arm64@npm:2.4.4"
  conditions: os=darwin & cpu=arm64
  languageName: node
  linkType: hard

"@biomejs/cli-darwin-x64@npm:2.4.4":
  version: 2.4.4
  resolution: "@biomejs/cli-darwin-x64@npm:2.4.4"
  conditions: os=darwin & cpu=x64
  languageName: node
  linkType: hard

"@biomejs/cli-linux-arm64-musl@npm:2.4.4":
  version: 2.4.4
  resolution: "@biomejs/cli-linux-arm64-musl@npm:2.4.4"
  conditions: os=linux & cpu=arm64 & libc=musl
  languageName: node
  linkType: hard

"@biomejs/cli-linux-arm64@npm:2.4.4":
  version: 2.4.4
  resolution: "@biomejs/cli-linux-arm64@npm:2.4.4"
  conditions: os=linux & cpu=arm64 & libc=glibc
  languageName: node
  linkType: hard

"@biomejs/cli-linux-x64-musl@npm:2.4.4":
  version: 2.4.4
  resolution: "@biomejs/cli-linux-x64-musl@npm:2.4.4"
  conditions: os=linux & cpu=x64 & libc=musl
  languageName: node
  linkType: hard

"@biomejs/cli-linux-x64@npm:2.4.4":
  version: 2.4.4
  resolution: "@biomejs/cli-linux-x64@npm:2.4.4"
  conditions: os=linux & cpu=x64 & libc=glibc
  languageName: node
  linkType: hard

"@biomejs/cli-win32-arm64@npm:2.4.4":
  version: 2.4.4
  resolution: "@biomejs/cli-win32-arm64@npm:2.4.4"
  conditions: os=win32 & cpu=arm64
  languageName: node
  linkType: hard

"@biomejs/cli-win32-x64@npm:2.4.4":
  version: 2.4.4
  resolution: "@biomejs/cli-win32-x64@npm:2.4.4"
  conditions: os=win32 & cpu=x64
  languageName: node
  linkType: hard

"@octokit/auth-token@npm:^6.0.0":
  version: 6.0.0
  resolution: "@octokit/auth-token@npm:6.0.0"
  checksum: 10/a30f5c4c984964b57193de5b6f67169f74e4779fedbe716157dd3558dd9de3ca5c105cae521b7bd8ce1ae180773a2ef01afe2306ad5a329f4fd291eba2b7c7d1
  languageName: node
  linkType: hard

"@octokit/core@npm:^7.0.6":
  version: 7.0.6
  resolution: "@octokit/core@npm:7.0.6"
  dependencies:
    "@octokit/auth-token": "npm:^6.0.0"
    "@octokit/graphql": "npm:^9.0.3"
    "@octokit/request": "npm:^10.0.6"
    "@octokit/request-error": "npm:^7.0.2"
    "@octokit/types": "npm:^16.0.0"
    before-after-hook: "npm:^4.0.0"
    universal-user-agent: "npm:^7.0.0"
  checksum: 10/852d41fc3150d2a891156427dd0575c77889f1c7a109894ee541594e3fd47c0d4e0a93fee22966c507dfd6158b522e42846c2ac46b9d896078194c95fa81f4ae
  languageName: node
  linkType: hard

"@octokit/endpoint@npm:^11.0.3":
  version: 11.0.3
  resolution: "@octokit/endpoint@npm:11.0.3"
  dependencies:
    "@octokit/types": "npm:^16.0.0"
    universal-user-agent: "npm:^7.0.2"
  checksum: 10/21b67d76fb1ea28bd87ca467c12dfab648af55522b936760316d70f8ccdd638f170d636ee72606857f0cd8f343f40c8a4e8f55993d6b1f5b9ecf102e072044c5
  languageName: node
  linkType: hard

"@octokit/graphql@npm:^9.0.3":
  version: 9.0.3
  resolution: "@octokit/graphql@npm:9.0.3"
  dependencies:
    "@octokit/request": "npm:^10.0.6"
    "@octokit/types": "npm:^16.0.0"
    universal-user-agent: "npm:^7.0.0"
  checksum: 10/7b16f281f8571dce55280b3986fbb8d15465a7236164a5f6497ded7597ff9ee95d5796924555b979903fe8c6706fe6be1b3e140d807297f85ac8edeadc28f9fe
  languageName: node
  linkType: hard

"@octokit/openapi-types@npm:^27.0.0":
  version: 27.0.0
  resolution: "@octokit/openapi-types@npm:27.0.0"
  checksum: 10/5cd2cdf4e41fdf522e15e3d53f3ece8380d98dda9173a6fc905828fb2c33e8733d5f5d2a757ae3a572525f4749748e66cb40e7939372132988d8eb4ba978d54f
  languageName: node
  linkType: hard

"@octokit/plugin-paginate-rest@npm:^14.0.0":
  version: 14.0.0
  resolution: "@octokit/plugin-paginate-rest@npm:14.0.0"
  dependencies:
    "@octokit/types": "npm:^16.0.0"
  peerDependencies:
    "@octokit/core": ">=6"
  checksum: 10/57ddd857528dad9c02431bc6254c2374c06057872cf9656a4a88b162ebe1c2bc9f34fbec360f2ccff72c940f29b120758ce14e8135bd027223d381eb1b8b6579
  languageName: node
  linkType: hard

"@octokit/plugin-rest-endpoint-methods@npm:^17.0.0":
  version: 17.0.0
  resolution: "@octokit/plugin-rest-endpoint-methods@npm:17.0.0"
  dependencies:
    "@octokit/types": "npm:^16.0.0"
  peerDependencies:
    "@octokit/core": ">=6"
  checksum: 10/e9d9ad4d9755cc7fb82fdcbfa870ddea8a432180f0f76c8469095557fd1e26f8caea8cae58401209be17c4f3d8cc48c0e16a3643e37e48f4d23c39e058bf2c55
  languageName: node
  linkType: hard

"@octokit/request-error@npm:^7.0.2, @octokit/request-error@npm:^7.1.0":
  version: 7.1.0
  resolution: "@octokit/request-error@npm:7.1.0"
  dependencies:
    "@octokit/types": "npm:^16.0.0"
  checksum: 10/c1d447ff7482382c69f7a4b2eaa44c672906dd111d8a9196a5d07f2adc4ae0f0e12ec4ce0063f14f9b2fb5f0cef4451c95ec961a7a711bd900e5d6441d546570
  languageName: node
  linkType: hard

"@octokit/request@npm:^10.0.6, @octokit/request@npm:^10.0.7":
  version: 10.0.8
  resolution: "@octokit/request@npm:10.0.8"
  dependencies:
    "@octokit/endpoint": "npm:^11.0.3"
    "@octokit/request-error": "npm:^7.0.2"
    "@octokit/types": "npm:^16.0.0"
    fast-content-type-parse: "npm:^3.0.0"
    json-with-bigint: "npm:^3.5.3"
    universal-user-agent: "npm:^7.0.2"
  checksum: 10/db1dc1f9b9b4717107ce777e1cfb497e3fbc1cbd68c98b33e1356b824f353c6db025014b030410a0a6f11d35c9bfa7837230ddc3c4df9d723a210e701a40f804
  languageName: node
  linkType: hard

"@octokit/types@npm:^16.0.0":
  version: 16.0.0
  resolution: "@octokit/types@npm:16.0.0"
  dependencies:
    "@octokit/openapi-types": "npm:^27.0.0"
  checksum: 10/03d5cfc29556a9b53eae8beb1bf15c0b704dc722db2c51b53f093f3c3ee6c1d8e20b682be8117a3a17034b458be7746d1b22aaefb959ceb5152ad7589b39e2c9
  languageName: node
  linkType: hard

"@types/node@npm:^24.0.0":
  version: 24.11.0
  resolution: "@types/node@npm:24.11.0"
  dependencies:
    undici-types: "npm:~7.16.0"
  checksum: 10/d2f4f898c6a0f14980e55c697904fb58681729fc46b4e264d5f64dc391b23da73c9b422cfffbca28c045e6e8eca72dab5f28ed633faa95398ef1528af5398382
  languageName: node
  linkType: hard

"@types/semver@npm:^7.7.0":
  version: 7.7.1
  resolution: "@types/semver@npm:7.7.1"
  checksum: 10/8f09e7e6ca3ded67d78ba7a8f7535c8d9cf8ced83c52e7f3ac3c281fe8c689c3fe475d199d94390dc04fc681d51f2358b430bb7b2e21c62de24f2bee2c719068
  languageName: node
  linkType: hard

"before-after-hook@npm:^4.0.0":
  version: 4.0.0
  resolution: "before-after-hook@npm:4.0.0"
  checksum: 10/9fd52bc0c3cca0fb115e04dacbeeaacff38fa23e1af725d62392254c31ef433b15da60efcba61552e44d64e26f25ea259f72dba005115924389e88d2fd56e19f
  languageName: node
  linkType: hard

"fast-content-type-parse@npm:^3.0.0":
  version: 3.0.0
  resolution: "fast-content-type-parse@npm:3.0.0"
  checksum: 10/8616a8aa6c9b4f8f4f3c90eaa4e7bfc2240cfa6f41f0eef5b5aa2b2c8b38bd9ad435f1488b6d817ffd725c54651e2777b882ae9dd59366e71e7896f1ec11d473
  languageName: node
  linkType: hard

"json-with-bigint@npm:^3.5.3":
  version: 3.5.3
  resolution: "json-with-bigint@npm:3.5.3"
  checksum: 10/af3b23aeb548ef34e4d71ecced96e7de36e4188e930bdfe4d7f2e375cfcf6685d7d84d47498b609e0c455823c21d38a4ea289ed9288f9fc2f79c7f2dec213d9a
  languageName: node
  linkType: hard

"python-matrix@workspace:.":
  version: 0.0.0-use.local
  resolution: "python-matrix@workspace:."
  dependencies:
    "@actions/core": "npm:^3.0.0"
    "@actions/github": "npm:^9.0.0"
    "@biomejs/biome": "npm:^2.0.0"
    "@types/node": "npm:^24.0.0"
    "@types/semver": "npm:^7.7.0"
    semver: "npm:^7.7.2"
    typescript: "npm:^5.8.3"
  languageName: unknown
  linkType: soft

"semver@npm:^7.7.2":
  version: 7.7.4
  resolution: "semver@npm:7.7.4"
  bin:
    semver: bin/semver.js
  checksum: 10/26bdc6d58b29528f4142d29afb8526bc335f4fc04c4a10f2b98b217f277a031c66736bf82d3d3bb354a2f6a3ae50f18fd62b053c4ac3f294a3d10a61f5075b75
  languageName: node
  linkType: hard

"tunnel@npm:^0.0.6":
  version: 0.0.6
  resolution: "tunnel@npm:0.0.6"
  checksum: 10/cf1ffed5e67159b901a924dbf94c989f20b2b3b65649cfbbe4b6abb35955ce2cf7433b23498bdb2c5530ab185b82190fce531597b3b4a649f06a907fc8702405
  languageName: node
  linkType: hard

"typescript@npm:^5.8.3":
  version: 5.9.3
  resolution: "typescript@npm:5.9.3"
  bin:
    tsc: bin/tsc
    tsserver: bin/tsserver
  checksum: 10/c089d9d3da2729fd4ac517f9b0e0485914c4b3c26f80dc0cffcb5de1719a17951e92425d55db59515c1a7ddab65808466debb864d0d56dcf43f27007d0709594
  languageName: node
  linkType: hard

"typescript@patch:typescript@npm%3A^5.8.3#optional!builtin<compat/typescript>":
  version: 5.9.3
  resolution: "typescript@patch:typescript@npm%3A5.9.3#optional!builtin<compat/typescript>::version=5.9.3&hash=5786d5"
  bin:
    tsc: bin/tsc
    tsserver: bin/tsserver
  checksum: 10/696e1b017bc2635f4e0c94eb4435357701008e2f272f553d06e35b494b8ddc60aa221145e286c28ace0c89ee32827a28c2040e3a69bdc108b1a5dc8fb40b72e3
  languageName: node
  linkType: hard

"undici-types@npm:~7.16.0":
  version: 7.16.0
  resolution: "undici-types@npm:7.16.0"
  checksum: 10/db43439f69c2d94cc29f75cbfe9de86df87061d6b0c577ebe9bb3255f49b22c50162a7d7eb413b0458b6510b8ca299ac7cff38c3a29fbd31af9f504bcf7fbc0d
  languageName: node
  linkType: hard

"undici@npm:^6.23.0":
  version: 6.23.0
  resolution: "undici@npm:6.23.0"
  checksum: 10/56950995e7b628e62c996430445d17995ca9b70f6f2afe760a63da54205660d968bd08f0741b6f4fb008f40aa35c69cce979cd96ced399585d8c897a76a4f1d1
  languageName: node
  linkType: hard

"universal-user-agent@npm:^7.0.0, universal-user-agent@npm:^7.0.2":
  version: 7.0.3
  resolution: "universal-user-agent@npm:7.0.3"
  checksum: 10/c497e85f8b11eb8fa4dce584d7a39cc98710164959f494cafc3c269b51abb20fff269951838efd7424d15f6b3d001507f3cb8b52bb5676fdb642019dfd17e63e
  languageName: node
  linkType: hard
